{
    "_readme": [
        "This file locks the dependencies of your project to a known state",
        "Read more about it at https://getcomposer.org/doc/01-basic-usage.md#composer-lock-the-lock-file",
        "This file is @generated automatically"
    ],
    "hash": "7b2a590019bcfbeff498318559f86f12",
    "content-hash": "eb71750cc9a22e7aabfd46a7870efd83",
    "packages": [
        {
            "name": "asika/pdf2text",
            "version": "1.0.4",
            "source": {
                "type": "git",
                "url": "https://github.com/asika32764/php-pdf-2-text.git",
                "reference": "dc11795dd0c4c60dec8ae9b034d357a017ba7c77"
            },
            "dist": {
                "type": "zip",
                "url": "https://api.github.com/repos/asika32764/php-pdf-2-text/zipball/dc11795dd0c4c60dec8ae9b034d357a017ba7c77",
                "reference": "dc11795dd0c4c60dec8ae9b034d357a017ba7c77",
                "shasum": ""
            },
            "type": "library",
            "autoload": {
                "psr-4": {
                    "Asika\\": "src"
                }
            },
            "notification-url": "https://packagist.org/downloads/",
            "license": [
                "GPL v2"
            ],
            "authors": [
                {
                    "name": "Simon Asika",
                    "email": "asika32764@gmail.com"
                }
            ],
            "description": "Simple PHP PDF to text class.",
            "time": "2016-07-20 09:52:28"
        }
    ],
    "packages-dev": [],
    "aliases": [],
    "minimum-stability": "stable",
    "stability-flags": [],
    "prefer-stable": false,
    "prefer-lowest": false,
    "platform": [],
    "platform-dev": []
}
